# Frozen source candidates for R0. Each checkout is verified before promotion.
pypto.repo=https://github.com/hw-native-sys/pypto.git
pypto.commit=e2d0f78ae6d709c0d6ee345a48db2c3d621a4b09
pypto.authorization=user-confirmed-separate-nvidia-grant

tensor_ir.repo=https://github.com/NVIDIA/tensor-ir.git
tensor_ir.commit=3b5a8bebc00510b46a1e8b97229d06dd0d006215
tensor_ir.version=v0.1.0
tensor_ir.pypto_private.commit=2677d1a99ae9e4c6627872f01a26a62bf6e832c8
tensor_ir.pypto_private.base=3b5a8bebc00510b46a1e8b97229d06dd0d006215
cuda_tile.repo=https://github.com/NVIDIA/cuda-tile.git
cuda_tile.commit=af2417041cc939b87ef56d92cfdcf61737c5457e
cuda_tile.version=v13.3.3
llvm.commit=57109befac92811d2253109242ca6fa69c961fb2
tensor_ir.llvm.commit=57109befac92811d2253109242ca6fa69c961fb2
pypto.nvidia_implementation.commit=6ce17761cb26b6593ce8a6f0f8a82cb0cf251cc9
pypto.nvidia_dso.sha256=f24ec3c7019232f16ff869b1587b505ef53a1c508aa7786b579c7fc068dd6869
cuda_tile.tileiras.version=13.3.36
cuda_tile.tileiras.sha256=88737a8be5c56bf73fb885a567a950f247a8cfa1d146dbc7a65eff77e7d62bf0

pytorch.repo=https://github.com/pytorch/pytorch.git
pytorch.commit=cf30153c4c131c8164ee7798e5022d810682e2cb
pytorch.tree=7cda5eae52ace99ca4daa7e623920cc93782cc6c
pytorch.version=v2.13.0
sglang.repo=https://github.com/sgl-project/sglang.git
sglang.commit=71de97b264b04dcd514cf904003028aefe9775c8
sglang.version=v0.5.18
transformers.version=5.12.1
flashinfer.version=0.6.17
triton.repo=https://github.com/triton-lang/triton.git
triton.commit=5d6048aa0a324e090ada215b609ea76620133845
triton.tree=448265acc1eff726c2e528813552865b33546cc9
triton.source_archive_sha256=2ebfd3f7e98dee2e8524b9b210716fbe1f07759b6d89307280a9b10ae359b43e
triton.version=3.7.1+git5d6048aa
triton.module_version=3.7.1
triton.pytorch_pin_blob=912c4468080ce91efafe5f1fb6364bca0ced2d51
triton.llvm.commit=ac5dc54d509169d387fcfd495d71853d81c46484
triton.libdevice_sha256=5c2fae37c86e68c3a38605a95f512d7d12d5f3db986310be47f57304aa72a5ee
triton.dependencies.reviewed_manifest_sha256=29c0736211ba0b286acd562ba097d7f1dea989671003c63a7b988de5afb0fe7d
triton.dependencies.archive.pybind11.sha256=aa8f0aa6e0a94d3b64adfc38f560f33f15e589be2175e103c0a33c6bce55ee89
triton.dependencies.archive.pybind11.bytes=293611
triton.dependencies.archive.llvm.sha256=11a11a5a90da7e4b53ef4cf0f259143d14633cae8543a95cb2d99e4af6b902f8
triton.dependencies.archive.llvm.bytes=1309519196
triton.dependencies.archive.json.sha256=a22461d13119ac5c78f205d3df1db13403e58ce1bb1794edc9313677313f4a9d
triton.dependencies.archive.json.bytes=299825
triton.dependencies.archive.ptxas.sha256=9961b3484b6b71314063709a4f9529654f96782ad39e72bf1e00f070db8210d3
triton.dependencies.archive.ptxas.bytes=79015464
triton.dependencies.archive.ptxas_blackwell.sha256=5ed3b7cfe7f12557199773e7769445357ee048958ff51e623e15f36d3393ca8b
triton.dependencies.archive.ptxas_blackwell.bytes=30014972
triton.dependencies.archive.cuobjdump.sha256=3de0169fd8d00e8bdd5ec91a6eb89a78229d82e478cb85554f89748107ba928c
triton.dependencies.archive.cuobjdump.bytes=263548
triton.dependencies.archive.nvdisasm.sha256=b169c329bda674e6f9ae5db9845ea09d40f593c96faf11b7f8d4c0a8a2576f17
triton.dependencies.archive.nvdisasm.bytes=4153976
triton.dependencies.archive.cudacrt.sha256=0e7c365d3301a1b486dbee600b833f6bc771b1a7cc660abca0923269023355ed
triton.dependencies.archive.cudacrt.bytes=79624
triton.dependencies.archive.cudart.sha256=b626f4790f46bc9324a1047f2fbcc9a42bc4a722b053056e61cc00da54ad6f32
triton.dependencies.archive.cudart.bytes=1549648
triton.dependencies.archive.cupti.sha256=7bf5db86cb82f26a6a3cb9e2fa4dc2a131d25885f59fdbc647938929924405db
triton.dependencies.archive.cupti.bytes=15383056
triton.toolchain.ptxas=12.8.93
triton.toolchain.ptxas_blackwell=13.1.80
triton.toolchain.cuobjdump=13.1.80
triton.toolchain.nvdisasm=13.1.80
triton.toolchain.cudacrt=13.1.80
triton.toolchain.cudart=13.1.80
triton.toolchain.cupti=12.8.90
triton.recipe.ext_enabled=ON
triton.recipe.pybind11=3.0.1
triton.recipe.pybind11_wheel_url=https://files.pythonhosted.org/packages/cd/8a/37362fc2b949d5f733a8b0f2ff51ba423914cabefe69f1d1b6aab710f5fe/pybind11-3.0.1-py3-none-any.whl
triton.recipe.pybind11_wheel_sha256=aa8f0aa6e0a94d3b64adfc38f560f33f15e589be2175e103c0a33c6bce55ee89
triton.recipe.pybind11_wheel_bytes=293611
triton.recipe.json=3.11.3
triton.recipe.clang_lld=ON
triton.recipe.ccache=OFF
triton.recipe.offline_build=ON
triton.recipe.build_proton=ON
triton.recipe.build_ut=OFF
triton.recipe.build_type=TritonRelBuildWithAsserts
triton.recipe.wheel_version_suffix=+git5d6048aa
triton.recipe.max_jobs=2
triton.recipe.cmake_build_parallel_level=2
triton.recipe.parallel_link_jobs=1
triton.recipe.source_date_epoch=1781015236
triton.producer.python=3.14.6
triton.producer.setuptools=83.0.0
triton.producer.wheel=0.47.0
triton.producer.build=1.5.0
triton.producer.cmake=3.31.10
triton.producer.cmake_wrapper_path=envs/pypto-nvidia/bin/cmake
triton.producer.cmake_wrapper_sha256=8e510409ba5512d10ddd4a732c07d95cde22eeb3b6dfa5864124b1ffc70b53c0
triton.producer.cmake_payload_path=envs/pypto-nvidia/lib/python3.14/site-packages/cmake/data/bin/cmake
triton.producer.cmake_payload_sha256=576c050dab1e1418b6703b5cfb523330567683dad0c60a5ff9cc23128143812e
triton.producer.ninja=1.13.0
triton.producer.ninja_sha256=696f9628a79d9ce50314cf9556d7cd1a1d1ec52b8fd52828f6f9db1719565b67
triton.producer.lit=18.1.8
triton.producer.packaging=26.2
triton.producer.pyproject_hooks=1.2.0
triton.producer.clang=Ubuntu clang 21.1.8 (6ubuntu1)
triton.producer.clang_path=/usr/lib/llvm-21/bin/clang
triton.producer.clang_sha256=412bbe8c60571a1eb06f48fde89635033621caeb01a9b4ee76d46711bae8e932
triton.producer.lld=Ubuntu LLD 21.1.8
triton.producer.lld_command_path=/usr/bin/lld
triton.producer.lld_path=/usr/lib/llvm-21/bin/lld
triton.producer.lld_sha256=6a65863a9eba1af6b6e8969f8e96a5ad4df0e8b705f98491a28b1790ce35718c
triton.producer.python_path=envs/pypto-nvidia/bin/python3.14
triton.producer.python_sha256=aa85b78409de29d21c7db9a6ea0479fd73a4e245a733ea325f5ecf21772d030f
triton.producer.bubblewrap=0.11.1
triton.producer.bubblewrap_sha256=0abea81db798ebf6b4742ac0664802d97521547a353c2a0dbdc21d76cbbfd2c0
triton.audit.readelf=GNU readelf (GNU Binutils for Ubuntu) 2.46
triton.audit.readelf_sha256=c857339616bbbfa5eba32733e22365048903fbaf6ed2126b897dd138bcb741fc
triton.audit.ldd=ldd (Ubuntu GLIBC 2.43-2ubuntu2.3) 2.43
triton.audit.ldd_sha256=b6c9a28572ea3920442c2f5b1ea11b0999adc407913ffdd7f92e530dfc051894
triton.producer.binutils=GNU Binutils for Ubuntu 2.46
triton.producer.ar_sha256=531473816bf553e863df5aab14c8177c72b732cf80c51dcf0fa990a50125041c
triton.producer.ranlib_sha256=369cf0d60a6167b11f39ed9b4bbb3d93903cc364975b244e1d084aaccf48dc92
triton.producer.nm_sha256=f04262bf48192a7cbb78a17ca49ae03f8930b0372bd0115576f957b2e2a57a01
triton.producer.strip_sha256=4d2ca6ba80677c3b2975e328306a779cd7bd6590a87948b5ebea9c1b41a049c8
triton.producer.objcopy_sha256=05f4473d24f7330a9b13f43d007d619a2e792e33de453cd7533a2d97c30da770
triton.producer.ld_bfd_sha256=97f48d93b8b076a92d2809ec29dcb17f0f37c8827358f832255e2ed22fef6075
triton.producer.ld_library_path=envs/pypto-nvidia/lib:/usr/lib/wsl/lib
triton.producer.identity_schema=2
triton.producer.identity_scope=workspace-prefix-and-selected-host-build-tools
triton.producer.distribution_set_sha256=21d700f943d3ca94963d10368bdeb8f17ab1e131dc8f792df68c7055e9ff0896
triton.producer.record_rewrite_count=6
triton.producer.record_rewrite_policy_sha256=cf63e3f6fef06dfd2e4072d3b22382b54b2dd3743215a8c37144f04ad3c42ec6
triton.producer.site_projection_sha256=b0ccdda495e52c61a5fc3c05c87677dee95c435cc641c626f6cc343b0dc4a6f0
triton.producer.site_projection_files=963
triton.producer.site_projection_directories=134
triton.producer.site_projection_bytes=9485023
triton.producer.dist.build.dist_info_path=lib/python3.14/site-packages/build-1.5.0.dist-info
triton.producer.dist.build.record_sha256=3e9bfea034872b021dcaf96229c4a168d3870dfc1e8c51e9f083a014d2589f96
triton.producer.dist.build.files=35
triton.producer.dist.build.record_rewrites=0
triton.producer.dist.build.identity_sha256=e94e24f3862c912cfef9b852e424ceff937278c900a168e72e5b12a175a24302
triton.producer.dist.cmake.dist_info_path=lib/python3.14/site-packages/cmake-3.31.10.dist-info
triton.producer.dist.cmake.record_sha256=3cc3e44735f786198c46d611f17f9d9bc0e3017d4ef19ccdf5fa70442363c759
triton.producer.dist.cmake.files=3820
triton.producer.dist.cmake.record_rewrites=4
triton.producer.dist.cmake.identity_sha256=d6b6a59fc756a19e7dd458134355c16bf41f3ca1c96c7ebcb90b88cf35fa2e50
triton.producer.dist.lit.dist_info_path=lib/python3.14/site-packages/lit-18.1.8.dist-info
triton.producer.dist.lit.record_sha256=50063b368c8b35f801a855699dd15a877b62201eb42adf49411e9230c5a432f6
triton.producer.dist.lit.files=67
triton.producer.dist.lit.record_rewrites=1
triton.producer.dist.lit.identity_sha256=05996eb10966abb088caabbd63cc5f02c9face885c5851dcd6dbe317f3e7f90a
triton.producer.dist.ninja.dist_info_path=lib/python3.14/site-packages/ninja-1.13.0.dist-info
triton.producer.dist.ninja.record_sha256=fd6851cdb21b05b4ba461a3aac60e1a7ad52510f33b2e272dab59b253dbfdab5
triton.producer.dist.ninja.files=19
triton.producer.dist.ninja.record_rewrites=0
triton.producer.dist.ninja.identity_sha256=3a2d8ed80deee4e86204c5d622009a891b0405f9a8298e740949b72ae5c473dc
triton.producer.dist.packaging.dist_info_path=lib/python3.14/site-packages/packaging-26.2.dist-info
triton.producer.dist.packaging.record_sha256=7048db571cb874be53a044b0b89b41e4074becc3d468bc595d5540fd4574d342
triton.producer.dist.packaging.files=49
triton.producer.dist.packaging.record_rewrites=0
triton.producer.dist.packaging.identity_sha256=3990ab954851ad2dc5ad9a49f56157d5dbad655d834f8991a71edd557eae62c6
triton.producer.dist.pyproject_hooks.dist_info_path=lib/python3.14/site-packages/pyproject_hooks-1.2.0.dist-info
triton.producer.dist.pyproject_hooks.record_sha256=b063fb7cefec728dd28a3bd584dd659632a1e3fe5ed782faa49122df4cbbd4e0
triton.producer.dist.pyproject_hooks.files=15
triton.producer.dist.pyproject_hooks.record_rewrites=0
triton.producer.dist.pyproject_hooks.identity_sha256=40906d809a7deb710011d14ae89d44ec13eac022daeed6592e5107f6131a1a19
triton.producer.dist.setuptools.dist_info_path=lib/python3.14/site-packages/setuptools-83.0.0.dist-info
triton.producer.dist.setuptools.record_sha256=76428d8e2db724c4de42f50ff460dd41ba619c26cca9a954f2107fb03ef731e1
triton.producer.dist.setuptools.files=762
triton.producer.dist.setuptools.record_rewrites=0
triton.producer.dist.setuptools.identity_sha256=e5462817008f6ce965a0b8e8168e432ffa777934a8c4a4dfd4e85d392596b173
triton.producer.dist.wheel.dist_info_path=lib/python3.14/site-packages/wheel-0.47.0.dist-info
triton.producer.dist.wheel.record_sha256=ebcabdb3eb3b32c4b6275e8ce8837f7d7022fec4cf1de828d1b6bf71f8f71065
triton.producer.dist.wheel.files=38
triton.producer.dist.wheel.record_rewrites=1
triton.producer.dist.wheel.identity_sha256=126e5ce88af6a268fbbc66a0774cf0bf2c49cf088a61758d0af3517852cb82c9
triton.producer.selected_identity_sha256=920d856bd68402812f821a437d310b7de41b316c4cfebc95f5b29fe20d64de9c

cuda_toolkit.version=13.3.73
cuda_toolkit.path=/usr/local/cuda-13.3
driver.version=610.74
python.version=3.14.6
nanobind.version=2.15.0
scikit_build_core.version=1.0.3
python_build.version=1.5.0
target.name=NVIDIA GeForce RTX 5090 Laptop GPU
target.compute_capability=12.0
target.sm_count=82
target.memory_mib=24463

qwen35_0p8b.source=/home/zhaosiying/amdgpu-sim/models/Qwen3.5-0.8B
qwen35_0p8b.commit=2fc06364715b967f1860aea9cf38778875588b17
qwen35_9b.source=/home/zhaosiying/amdgpu-sim/models/Qwen3.5-9B
qwen35_9b.commit=c202236235762e1c871ad0ccb60c8ee5ba337b9a
