schema=1
checkpoint=CP-0039
goal.status=ACTIVE
control.head=SELF
control.implementation_head=7639d820f4d74972b493c01adc69c92087eefdea
control.implementation_commits=0c4cc34ed58516875169a9dbab72a06e5fafeff7,befe44c48934a95140a19bb14f7f3d7cf56bfed8,640c35af7947be1002fdcb9be581d1d011cdf136,c98781103c57e0cb372686f1f507433b3d98f1e6,ea39ac5e8af86067d52e92520ca26da8dee77841,f678fc0ff4d02908c14eced2392fc53fbf458d9f,5c75ea4944e59152fff2c3285626ef99506eed76,fe903fa8c648f10bbdcd804197dbb023a1a50564,cca595c8f064058f0d72f160122f68a1d6577934,712a8c2cc9cd6f25cf0ea697eccc27b60e2b64c7,8e414e74b839be3dfd96a13e5eead5e5099ebfe2,dd403fe742aad66797855148274a837e73b1362b,234c76fecb871d8c1b127ee44d9603f3d71cdaef,759a93d72df89e872c3ec1c3421f76d26bd2f54b,394b75adbc7babe1000d93938e6fa84493a4277d,2b53f0a6cdeffa89b38ad75515b9ea1d1019748a,817673176002f711ee0e77c3504b4e9b94bcaac3,1cb563862de95ff93a86a5a8b55e98cc690623bb,c71f32bd415a973a2a7756ecc9b1ae59f30df219,3de4cf702662cbaf948c6429acf269fee16a491e,5564008fddeaaf0a9861ee5c38c895558f577600,7639d820f4d74972b493c01adc69c92087eefdea
control.latest_evidence=EV-0052
control.sm120_smoke_implementation=5564008fddeaaf0a9861ee5c38c895558f577600
control.sm120_smoke_manifest=7639d820f4d74972b493c01adc69c92087eefdea
control.sm120_smoke_manifest_sha256=a079c4d252aa346bb19a64a6ad3947867b76e7c778f7234125078fb16b2598bf
control.sm120_smoke_status=ACCEPTED_V4_FINALIZED_REAL_SM120_CORRECTNESS_V1
control.sm120_smoke_v3_provisional_run=pypto-20260825T073624Z-900485-7df250
control.sm120_smoke_v3_provisional_sha256=64c0906b7fe57bdddf4c26f7b205a51918a91b93284604f363633ef439d34cfe
control.sm120_smoke_accepted_run=pypto-20260825T080254Z-910620-c669d9
control.sm120_smoke_final_report=reports/data/pypto-nvidia-executable-sm120-pypto-20260825T080254Z-910620-c669d9.json
control.sm120_smoke_final_report_sha256=727362d7879d58cbee07b11050b17ad149274e8087b0d1872b8f186a66a272a9
projects.pypto.head=07ab9ea1feb5f5cc5557c7b7c67e7ad33d15974e
projects.pypto.branch=feature/nvidia-sm120
projects.pypto.dirty=false
projects.pypto.tracked_dirty=false
projects.pypto.submodule_cache_dirty=false
projects.pypto.compile_request=ACCEPTED_V1_DATA_ONLY
projects.pypto.kernel_build_spec=ACCEPTED_V1_DATA_ONLY
projects.pypto.private_nvidia_compiler=ACCEPTED_SINGLE_DSO_BUILD_ONLY
projects.pypto.private_nvidia_dso_sha256=15675c471f507b97190b0a770bb16e821c5e99353b65bbbc019988490f59018c
projects.pypto.private_nvidia_off_dso_sha256=32c2dea03e13ea49937df239ed1e7bc2b8a931594c41dcfc0cc6de8375464109
projects.pypto.private_nvidia_dso_source_commit=206447cf8c68b9cff1b86e01f0b40bfd689cd7a7
projects.pypto.hir_tensorir_emitter=ACCEPTED_COMPILE_FREE_STATIC_ADD_V1
projects.pypto.tensorir_producer_result=ACCEPTED_IN_MEMORY_V1
projects.pypto.canonical_msgpack_codec=ACCEPTED_PRIVATE_BOUNDED_V1
projects.pypto.strict_producer_bridge=ACCEPTED_SOURCE_TO_CUBIN_ARTIFACT_V1
projects.pypto.artifact_cache=ACCEPTED_TRUSTED_LOCAL_PERSISTENT_V1
projects.pypto.private_nvidia_artifact=ACCEPTED_IMMUTABLE_CANONICAL_V1
projects.pypto.private_nvidia_artifact_pipeline_revision=46610e0415598d010981e4bd07d0660c592401ac
projects.pypto.strict_source_closure=ACCEPTED_PYPTO_PLUS_SIX_CLEAN_GITLINKS
projects.pypto.msgpack=919908742b4fdbc575e77fe1a8657e70c9573c44
projects.pypto.libbacktrace=6f8310e238fc3ce68f42f391cbe93fd156bb2c23
projects.pypto.runtime=93adc3865e65fd72655f571f2e4165cf5ac02616
projects.pypto.private_nvidia_artifact_cubin_abi_validation=ACCEPTED_RUNTIME_FREE_V1
projects.pypto.private_nvidia_runtime=ACCEPTED_CPU_FAKE_DRIVER_EXECUTABLE_V1
projects.pypto.private_nvidia_runtime_observation=ACCEPTED_CPU_VALUE_PROVIDER_PATH_V1
projects.pypto.private_nvidia_real_sm120_launch=ACCEPTED_MINIMAL_CURRENT_STREAM_CORRECTNESS_V1
projects.pypto.private_nvidia_real_sm120_launch_source_commit=206447cf8c68b9cff1b86e01f0b40bfd689cd7a7
projects.pypto_target_info_candidate.head=9939b885041b931284f7ce56ecbf888601b60b6e
projects.pypto_target_info_candidate.branch=feature/nvidia-target-info
projects.pypto_target_info_candidate.status=INTEGRATED_AND_ACCEPTED_AS_042878D
projects.pypto.tensor_ir=1dcb38c20e53d07c97d3781cae538e33901bae30
projects.pypto.cuda_tile=af2417041cc939b87ef56d92cfdcf61737c5457e
projects.pypto.llvm=57109befac92811d2253109242ca6fa69c961fb2
projects.pypto_kernels.head=6f73857b52c86dd98e25d23fbc825a675fb25b6a
projects.pypto_framework_plugins.head=3f9d712c6bc522552426ee77e0137e0746bf27a6
upstream.pytorch.head=cf30153c4c131c8164ee7798e5022d810682e2cb
upstream.pytorch.checkout=sparse
upstream.pytorch.dirty=false
upstream.pytorch.inductor_python_files=346
upstream.pytorch.inductor_python_manifest_sha256=3bef71727acfceb4c1dbc1f433ac26e21c65ff715435feefc80cc32d4cb88cd6
upstream.pytorch.sparse_extra=/torch/utils/_config_module.py,/torch/utils/_triton.py
upstream.sglang.head=71de97b264b04dcd514cf904003028aefe9775c8
upstream.sglang.dirty=false
upstream.triton.head=5d6048aa0a324e090ada215b609ea76620133845
upstream.triton.tree=448265acc1eff726c2e528813552865b33546cc9
upstream.triton.dirty=false
triton.dependencies.status=REVIEWED_CACHED
triton.dependencies.manifest_sha256=29c0736211ba0b286acd562ba097d7f1dea989671003c63a7b988de5afb0fe7d
triton.dependencies.review_sha256=1ced34cfe2e4f26a122a949426673a59ff70b8159f710a1cb9dde25fec4d8ab6
triton.wheel.status=ACCEPTED_AUDITED_PROBED_REFERENCE_ONLY_NOT_INSTALLED
triton.wheel.build_run_id=pypto-20260824T111401Z-189427-e59551
triton.wheel.sha256=1d58d83062af3b3073411d85f2000c8fb1eb994cc20c937a03e2d6a803d6227a
triton.wheel.audit_evidence_sha256=ef7d355217a3b4fcc69686100d1050795d30c9e4f7fdddf0c77ba33efc806848
triton.wheel.probe_evidence_sha256=312cc7b5576fdff20877c3cbd01ea36b9c7001b447be3ef4459f4f49b984f2fa
models.status=VERIFIED
models.manifest_sha256=6347f7ea974d1d72c0effa3507f264ef2778f742e076aa56e8a853c83bf377a2
environment.status=CLONED
environment.manifest_sha256=29800d50f635e7188e55a6d6f43bfb4b8ac9ab16c4a21687db2960f18941932a
environment.torch_tree_sha256=1f77cf114e19ac071bbb3e552e98bd7d1b28f58484225d8929aa077d8ddc00d9
