schema=1
checkpoint=CP-0018
control.head=SELF
projects.pypto.head=f550d4c33e8fef03e7dabcbf60c3db38b0f0a215
projects.pypto.branch=feature/nvidia-sm120
projects.pypto.dirty=true
projects.pypto_target_info_candidate.head=9939b885041b931284f7ce56ecbf888601b60b6e
projects.pypto_target_info_candidate.branch=feature/nvidia-target-info
projects.pypto_target_info_candidate.status=SOURCE_REVIEWED_UNBUILT
projects.pypto.tensor_ir=3b5a8bebc00510b46a1e8b97229d06dd0d006215
projects.pypto.cuda_tile=af2417041cc939b87ef56d92cfdcf61737c5457e
projects.pypto_kernels.head=6f73857b52c86dd98e25d23fbc825a675fb25b6a
projects.pypto_framework_plugins.head=3f9d712c6bc522552426ee77e0137e0746bf27a6
upstream.pytorch.head=cf30153c4c131c8164ee7798e5022d810682e2cb
upstream.pytorch.checkout=sparse
upstream.pytorch.dirty=false
upstream.pytorch.inductor_python_files=346
upstream.pytorch.inductor_python_manifest_sha256=3bef71727acfceb4c1dbc1f433ac26e21c65ff715435feefc80cc32d4cb88cd6
upstream.pytorch.sparse_extra=/torch/utils/_config_module.py,/torch/utils/_triton.py
upstream.sglang.head=71de97b264b04dcd514cf904003028aefe9775c8
upstream.sglang.dirty=false
upstream.triton.head=5d6048aa0a324e090ada215b609ea76620133845
upstream.triton.tree=448265acc1eff726c2e528813552865b33546cc9
upstream.triton.dirty=false
models.status=VERIFIED
models.manifest_sha256=6347f7ea974d1d72c0effa3507f264ef2778f742e076aa56e8a853c83bf377a2
environment.status=CLONED
environment.manifest_sha256=29800d50f635e7188e55a6d6f43bfb4b8ac9ab16c4a21687db2960f18941932a
environment.torch_tree_sha256=1f77cf114e19ac071bbb3e552e98bd7d1b28f58484225d8929aa077d8ddc00d9
